// !$*UTF8*$!
{
	archiveVersion = 1;
	classes = {
	};
	objectVersion = 56;
	objects = {

/* Begin PBXBuildFile section */
		8597DF142C7387BC00C82357 /* AppDelegate.swift in Sources */ = {isa = PBXBuildFile; fileRef = 8597DF132C7387BC00C82357 /* AppDelegate.swift */; };
		8597DF162C7387BC00C82357 /* SceneDelegate.swift in Sources */ = {isa = PBXBuildFile; fileRef = 8597DF152C7387BC00C82357 /* SceneDelegate.swift */; };
		8597DF1E2C7387BC00C82357 /* WheatherApp_TestFarm.xcdatamodeld in Sources */ = {isa = PBXBuildFile; fileRef = 8597DF1C2C7387BC00C82357 /* WheatherApp_TestFarm.xcdatamodeld */; };
		8597DF202C7387BD00C82357 /* Assets.xcassets in Resources */ = {isa = PBXBuildFile; fileRef = 8597DF1F2C7387BD00C82357 /* Assets.xcassets */; };
		8597DF232C7387BD00C82357 /* Base in Resources */ = {isa = PBXBuildFile; fileRef = 8597DF222C7387BD00C82357 /* Base */; };
		8597DF2C2C7388E400C82357 /* MainWeatherViewController.swift in Sources */ = {isa = PBXBuildFile; fileRef = 8597DF2B2C7388E400C82357 /* MainWeatherViewController.swift */; };
		8597DF2F2C73892600C82357 /* MainInteractor.swift in Sources */ = {isa = PBXBuildFile; fileRef = 8597DF2E2C73892600C82357 /* MainInteractor.swift */; };
		8597DF312C73893000C82357 /* MainPresenter.swift in Sources */ = {isa = PBXBuildFile; fileRef = 8597DF302C73893000C82357 /* MainPresenter.swift */; };
		8597DF332C73894000C82357 /* MainModuleBuilder.swift in Sources */ = {isa = PBXBuildFile; fileRef = 8597DF322C73894000C82357 /* MainModuleBuilder.swift */; };
		8597DF402C738D8D00C82357 /* ModelData.swift in Sources */ = {isa = PBXBuildFile; fileRef = 8597DF3F2C738D8D00C82357 /* ModelData.swift */; };
		8597DF432C738DD500C82357 /* WheatherModel.swift in Sources */ = {isa = PBXBuildFile; fileRef = 8597DF422C738DD500C82357 /* WheatherModel.swift */; };
		8597DF462C738E9400C82357 /* Constants.swift in Sources */ = {isa = PBXBuildFile; fileRef = 8597DF452C738E9400C82357 /* Constants.swift */; };
		8597DF482C738F9700C82357 /* NetworkError.swift in Sources */ = {isa = PBXBuildFile; fileRef = 8597DF472C738F9700C82357 /* NetworkError.swift */; };
		8597DF4B2C73904900C82357 /* NetworkService.swift in Sources */ = {isa = PBXBuildFile; fileRef = 8597DF4A2C73904900C82357 /* NetworkService.swift */; };
		8597DF4D2C73906200C82357 /* URLBuilder.swift in Sources */ = {isa = PBXBuildFile; fileRef = 8597DF4C2C73906200C82357 /* URLBuilder.swift */; };
		8597DF4F2C7390AC00C82357 /* Language.swift in Sources */ = {isa = PBXBuildFile; fileRef = 8597DF4E2C7390AC00C82357 /* Language.swift */; };
		8597DF522C739BB000C82357 /* CoreLocationService.swift in Sources */ = {isa = PBXBuildFile; fileRef = 8597DF512C739BB000C82357 /* CoreLocationService.swift */; };
		8597DF542C739CEF00C82357 /* LanguageSelectionService.swift in Sources */ = {isa = PBXBuildFile; fileRef = 8597DF532C739CEF00C82357 /* LanguageSelectionService.swift */; };
		8597DF562C73A57000C82357 /* MainWeatherView.swift in Sources */ = {isa = PBXBuildFile; fileRef = 8597DF552C73A57000C82357 /* MainWeatherView.swift */; };
		8597DF592C73A5A400C82357 /* WheatherCell.swift in Sources */ = {isa = PBXBuildFile; fileRef = 8597DF582C73A5A400C82357 /* WheatherCell.swift */; };
/* End PBXBuildFile section */

/* Begin PBXFileReference section */
		8597DF102C7387BC00C82357 /* WheatherApp_TestFarm.app */ = {isa = PBXFileReference; explicitFileType = wrapper.application; includeInIndex = 0; path = WheatherApp_TestFarm.app; sourceTree = BUILT_PRODUCTS_DIR; };
		8597DF132C7387BC00C82357 /* AppDelegate.swift */ = {isa = PBXFileReference; lastKnownFileType = sourcecode.swift; path = AppDelegate.swift; sourceTree = "<group>"; };
		8597DF152C7387BC00C82357 /* SceneDelegate.swift */ = {isa = PBXFileReference; lastKnownFileType = sourcecode.swift; path = SceneDelegate.swift; sourceTree = "<group>"; };
		8597DF1D2C7387BC00C82357 /* WheatherApp_TestFarm.xcdatamodel */ = {isa = PBXFileReference; lastKnownFileType = wrapper.xcdatamodel; path = WheatherApp_TestFarm.xcdatamodel; sourceTree = "<group>"; };
		8597DF1F2C7387BD00C82357 /* Assets.xcassets */ = {isa = PBXFileReference; lastKnownFileType = folder.assetcatalog; path = Assets.xcassets; sourceTree = "<group>"; };
		8597DF222C7387BD00C82357 /* Base */ = {isa = PBXFileReference; lastKnownFileType = file.storyboard; name = Base; path = Base.lproj/LaunchScreen.storyboard; sourceTree = "<group>"; };
		8597DF242C7387BD00C82357 /* Info.plist */ = {isa = PBXFileReference; lastKnownFileType = text.plist.xml; path = Info.plist; sourceTree = "<group>"; };
		8597DF2B2C7388E400C82357 /* MainWeatherViewController.swift */ = {isa = PBXFileReference; lastKnownFileType = sourcecode.swift; path = MainWeatherViewController.swift; sourceTree = "<group>"; };
		8597DF2E2C73892600C82357 /* MainInteractor.swift */ = {isa = PBXFileReference; lastKnownFileType = sourcecode.swift; path = MainInteractor.swift; sourceTree = "<group>"; };
		8597DF302C73893000C82357 /* MainPresenter.swift */ = {isa = PBXFileReference; lastKnownFileType = sourcecode.swift; path = MainPresenter.swift; sourceTree = "<group>"; };
		8597DF322C73894000C82357 /* MainModuleBuilder.swift */ = {isa = PBXFileReference; lastKnownFileType = sourcecode.swift; path = MainModuleBuilder.swift; sourceTree = "<group>"; };
		8597DF3F2C738D8D00C82357 /* ModelData.swift */ = {isa = PBXFileReference; lastKnownFileType = sourcecode.swift; path = ModelData.swift; sourceTree = "<group>"; };
		8597DF422C738DD500C82357 /* WheatherModel.swift */ = {isa = PBXFileReference; lastKnownFileType = sourcecode.swift; path = WheatherModel.swift; sourceTree = "<group>"; };
		8597DF452C738E9400C82357 /* Constants.swift */ = {isa = PBXFileReference; lastKnownFileType = sourcecode.swift; path = Constants.swift; sourceTree = "<group>"; };
		8597DF472C738F9700C82357 /* NetworkError.swift */ = {isa = PBXFileReference; lastKnownFileType = sourcecode.swift; path = NetworkError.swift; sourceTree = "<group>"; };
		8597DF4A2C73904900C82357 /* NetworkService.swift */ = {isa = PBXFileReference; lastKnownFileType = sourcecode.swift; path = NetworkService.swift; sourceTree = "<group>"; };
		8597DF4C2C73906200C82357 /* URLBuilder.swift */ = {isa = PBXFileReference; lastKnownFileType = sourcecode.swift; path = URLBuilder.swift; sourceTree = "<group>"; };
		8597DF4E2C7390AC00C82357 /* Language.swift */ = {isa = PBXFileReference; lastKnownFileType = sourcecode.swift; path = Language.swift; sourceTree = "<group>"; };
		8597DF512C739BB000C82357 /* CoreLocationService.swift */ = {isa = PBXFileReference; lastKnownFileType = sourcecode.swift; path = CoreLocationService.swift; sourceTree = "<group>"; };
		8597DF532C739CEF00C82357 /* LanguageSelectionService.swift */ = {isa = PBXFileReference; lastKnownFileType = sourcecode.swift; path = LanguageSelectionService.swift; sourceTree = "<group>"; };
		8597DF552C73A57000C82357 /* MainWeatherView.swift */ = {isa = PBXFileReference; lastKnownFileType = sourcecode.swift; path = MainWeatherView.swift; sourceTree = "<group>"; };
		8597DF582C73A5A400C82357 /* WheatherCell.swift */ = {isa = PBXFileReference; lastKnownFileType = sourcecode.swift; path = WheatherCell.swift; sourceTree = "<group>"; };
/* End PBXFileReference section */

/* Begin PBXFrameworksBuildPhase section */
		8597DF0D2C7387BC00C82357 /* Frameworks */ = {
			isa = PBXFrameworksBuildPhase;
			buildActionMask = 2147483647;
			files = (
			);
			runOnlyForDeploymentPostprocessing = 0;
		};
/* End PBXFrameworksBuildPhase section */

/* Begin PBXGroup section */
		8597DF072C7387BC00C82357 = {
			isa = PBXGroup;
			children = (
				8597DF122C7387BC00C82357 /* WheatherApp_TestFarm */,
				8597DF112C7387BC00C82357 /* Products */,
			);
			sourceTree = "<group>";
		};
		8597DF112C7387BC00C82357 /* Products */ = {
			isa = PBXGroup;
			children = (
				8597DF102C7387BC00C82357 /* WheatherApp_TestFarm.app */,
			);
			name = Products;
			sourceTree = "<group>";
		};
		8597DF122C7387BC00C82357 /* WheatherApp_TestFarm */ = {
			isa = PBXGroup;
			children = (
				8597DF132C7387BC00C82357 /* AppDelegate.swift */,
				8597DF152C7387BC00C82357 /* SceneDelegate.swift */,
				8597DF502C739B9E00C82357 /* Services */,
				8597DF412C738D9C00C82357 /* Models */,
				8597DF2A2C7388C400C82357 /* Screens */,
				8597DF442C738E6300C82357 /* Helpers */,
				8597DF1F2C7387BD00C82357 /* Assets.xcassets */,
				8597DF212C7387BD00C82357 /* LaunchScreen.storyboard */,
				8597DF242C7387BD00C82357 /* Info.plist */,
				8597DF1C2C7387BC00C82357 /* WheatherApp_TestFarm.xcdatamodeld */,
			);
			path = WheatherApp_TestFarm;
			sourceTree = "<group>";
		};
		8597DF2A2C7388C400C82357 /* Screens */ = {
			isa = PBXGroup;
			children = (
				8597DF2D2C7388F600C82357 /* MainScreen */,
			);
			path = Screens;
			sourceTree = "<group>";
		};
		8597DF2D2C7388F600C82357 /* MainScreen */ = {
			isa = PBXGroup;
			children = (
				8597DF572C73A59400C82357 /* Views */,
				8597DF2B2C7388E400C82357 /* MainWeatherViewController.swift */,
				8597DF2E2C73892600C82357 /* MainInteractor.swift */,
				8597DF302C73893000C82357 /* MainPresenter.swift */,
				8597DF322C73894000C82357 /* MainModuleBuilder.swift */,
			);
			path = MainScreen;
			sourceTree = "<group>";
		};
		8597DF412C738D9C00C82357 /* Models */ = {
			isa = PBXGroup;
			children = (
				8597DF3F2C738D8D00C82357 /* ModelData.swift */,
				8597DF422C738DD500C82357 /* WheatherModel.swift */,
				8597DF4E2C7390AC00C82357 /* Language.swift */,
			);
			path = Models;
			sourceTree = "<group>";
		};
		8597DF442C738E6300C82357 /* Helpers */ = {
			isa = PBXGroup;
			children = (
				8597DF452C738E9400C82357 /* Constants.swift */,
			);
			path = Helpers;
			sourceTree = "<group>";
		};
		8597DF492C738F9A00C82357 /* NetworkService */ = {
			isa = PBXGroup;
			children = (
				8597DF4A2C73904900C82357 /* NetworkService.swift */,
				8597DF472C738F9700C82357 /* NetworkError.swift */,
				8597DF4C2C73906200C82357 /* URLBuilder.swift */,
			);
			path = NetworkService;
			sourceTree = "<group>";
		};
		8597DF502C739B9E00C82357 /* Services */ = {
			isa = PBXGroup;
			children = (
				8597DF492C738F9A00C82357 /* NetworkService */,
				8597DF512C739BB000C82357 /* CoreLocationService.swift */,
				8597DF532C739CEF00C82357 /* LanguageSelectionService.swift */,
			);
			path = Services;
			sourceTree = "<group>";
		};
		8597DF572C73A59400C82357 /* Views */ = {
			isa = PBXGroup;
			children = (
				8597DF552C73A57000C82357 /* MainWeatherView.swift */,
				8597DF582C73A5A400C82357 /* WheatherCell.swift */,
			);
			path = Views;
			sourceTree = "<group>";
		};
/* End PBXGroup section */

/* Begin PBXNativeTarget section */
		8597DF0F2C7387BC00C82357 /* WheatherApp_TestFarm */ = {
			isa = PBXNativeTarget;
			buildConfigurationList = 8597DF272C7387BD00C82357 /* Build configuration list for PBXNativeTarget "WheatherApp_TestFarm" */;
			buildPhases = (
				8597DF0C2C7387BC00C82357 /* Sources */,
				8597DF0D2C7387BC00C82357 /* Frameworks */,
				8597DF0E2C7387BC00C82357 /* Resources */,
			);
			buildRules = (
			);
			dependencies = (
			);
			name = WheatherApp_TestFarm;
			productName = WheatherApp_TestFarm;
			productReference = 8597DF102C7387BC00C82357 /* WheatherApp_TestFarm.app */;
			productType = "com.apple.product-type.application";
		};
/* End PBXNativeTarget section */

/* Begin PBXProject section */
		8597DF082C7387BC00C82357 /* Project object */ = {
			isa = PBXProject;
			attributes = {
				BuildIndependentTargetsInParallel = 1;
				LastSwiftUpdateCheck = 1540;
				LastUpgradeCheck = 1540;
				TargetAttributes = {
					8597DF0F2C7387BC00C82357 = {
						CreatedOnToolsVersion = 15.4;
					};
				};
			};
			buildConfigurationList = 8597DF0B2C7387BC00C82357 /* Build configuration list for PBXProject "WheatherApp_TestFarm" */;
			compatibilityVersion = "Xcode 14.0";
			developmentRegion = en;
			hasScannedForEncodings = 0;
			knownRegions = (
				en,
				Base,
			);
			mainGroup = 8597DF072C7387BC00C82357;
			productRefGroup = 8597DF112C7387BC00C82357 /* Products */;
			projectDirPath = "";
			projectRoot = "";
			targets = (
				8597DF0F2C7387BC00C82357 /* WheatherApp_TestFarm */,
			);
		};
/* End PBXProject section */

/* Begin PBXResourcesBuildPhase section */
		8597DF0E2C7387BC00C82357 /* Resources */ = {
			isa = PBXResourcesBuildPhase;
			buildActionMask = 2147483647;
			files = (
				8597DF202C7387BD00C82357 /* Assets.xcassets in Resources */,
				8597DF232C7387BD00C82357 /* Base in Resources */,
			);
			runOnlyForDeploymentPostprocessing = 0;
		};
/* End PBXResourcesBuildPhase section */

/* Begin PBXSourcesBuildPhase section */
		8597DF0C2C7387BC00C82357 /* Sources */ = {
			isa = PBXSourcesBuildPhase;
			buildActionMask = 2147483647;
			files = (
				8597DF1E2C7387BC00C82357 /* WheatherApp_TestFarm.xcdatamodeld in Sources */,
				8597DF2C2C7388E400C82357 /* MainWeatherViewController.swift in Sources */,
				8597DF142C7387BC00C82357 /* AppDelegate.swift in Sources */,
				8597DF4F2C7390AC00C82357 /* Language.swift in Sources */,
				8597DF562C73A57000C82357 /* MainWeatherView.swift in Sources */,
				8597DF542C739CEF00C82357 /* LanguageSelectionService.swift in Sources */,
				8597DF332C73894000C82357 /* MainModuleBuilder.swift in Sources */,
				8597DF4D2C73906200C82357 /* URLBuilder.swift in Sources */,
				8597DF162C7387BC00C82357 /* SceneDelegate.swift in Sources */,
				8597DF462C738E9400C82357 /* Constants.swift in Sources */,
				8597DF402C738D8D00C82357 /* ModelData.swift in Sources */,
				8597DF312C73893000C82357 /* MainPresenter.swift in Sources */,
				8597DF482C738F9700C82357 /* NetworkError.swift in Sources */,
				8597DF522C739BB000C82357 /* CoreLocationService.swift in Sources */,
				8597DF432C738DD500C82357 /* WheatherModel.swift in Sources */,
				8597DF4B2C73904900C82357 /* NetworkService.swift in Sources */,
				8597DF2F2C73892600C82357 /* MainInteractor.swift in Sources */,
				8597DF592C73A5A400C82357 /* WheatherCell.swift in Sources */,
			);
			runOnlyForDeploymentPostprocessing = 0;
		};
/* End PBXSourcesBuildPhase section */

/* Begin PBXVariantGroup section */
		8597DF212C7387BD00C82357 /* LaunchScreen.storyboard */ = {
			isa = PBXVariantGroup;
			children = (
				8597DF222C7387BD00C82357 /* Base */,
			);
			name = LaunchScreen.storyboard;
			sourceTree = "<group>";
		};
/* End PBXVariantGroup section */

/* Begin XCBuildConfiguration section */
		8597DF252C7387BD00C82357 /* Debug */ = {
			isa = XCBuildConfiguration;
			buildSettings = {
				ALWAYS_SEARCH_USER_PATHS = NO;
				ASSETCATALOG_COMPILER_GENERATE_SWIFT_ASSET_SYMBOL_EXTENSIONS = YES;
				CLANG_ANALYZER_NONNULL = YES;
				CLANG_ANALYZER_NUMBER_OBJECT_CONVERSION = YES_AGGRESSIVE;
				CLANG_CXX_LANGUAGE_STANDARD = "gnu++20";
				CLANG_ENABLE_MODULES = YES;
				CLANG_ENABLE_OBJC_ARC = YES;
				CLANG_ENABLE_OBJC_WEAK = YES;
				CLANG_WARN_BLOCK_CAPTURE_AUTORELEASING = YES;
				CLANG_WARN_BOOL_CONVERSION = YES;
				CLANG_WARN_COMMA = YES;
				CLANG_WARN_CONSTANT_CONVERSION = YES;
				CLANG_WARN_DEPRECATED_OBJC_IMPLEMENTATIONS = YES;
				CLANG_WARN_DIRECT_OBJC_ISA_USAGE = YES_ERROR;
				CLANG_WARN_DOCUMENTATION_COMMENTS = YES;
				CLANG_WARN_EMPTY_BODY = YES;
				CLANG_WARN_ENUM_CONVERSION = YES;
				CLANG_WARN_INFINITE_RECURSION = YES;
				CLANG_WARN_INT_CONVERSION = YES;
				CLANG_WARN_NON_LITERAL_NULL_CONVERSION = YES;
				CLANG_WARN_OBJC_IMPLICIT_RETAIN_SELF = YES;
				CLANG_WARN_OBJC_LITERAL_CONVERSION = YES;
				CLANG_WARN_OBJC_ROOT_CLASS = YES_ERROR;
				CLANG_WARN_QUOTED_INCLUDE_IN_FRAMEWORK_HEADER = YES;
				CLANG_WARN_RANGE_LOOP_ANALYSIS = YES;
				CLANG_WARN_STRICT_PROTOTYPES = YES;
				CLANG_WARN_SUSPICIOUS_MOVE = YES;
				CLANG_WARN_UNGUARDED_AVAILABILITY = YES_AGGRESSIVE;
				CLANG_WARN_UNREACHABLE_CODE = YES;
				CLANG_WARN__DUPLICATE_METHOD_MATCH = YES;
				COPY_PHASE_STRIP = NO;
				DEBUG_INFORMATION_FORMAT = dwarf;
				ENABLE_STRICT_OBJC_MSGSEND = YES;
				ENABLE_TESTABILITY = YES;
				ENABLE_USER_SCRIPT_SANDBOXING = YES;
				GCC_C_LANGUAGE_STANDARD = gnu17;
				GCC_DYNAMIC_NO_PIC = NO;
				GCC_NO_COMMON_BLOCKS = YES;
				GCC_OPTIMIZATION_LEVEL = 0;
				GCC_PREPROCESSOR_DEFINITIONS = (
					"DEBUG=1",
					"$(inherited)",
				);
				GCC_WARN_64_TO_32_BIT_CONVERSION = YES;
				GCC_WARN_ABOUT_RETURN_TYPE = YES_ERROR;
				GCC_WARN_UNDECLARED_SELECTOR = YES;
				GCC_WARN_UNINITIALIZED_AUTOS = YES_AGGRESSIVE;
				GCC_WARN_UNUSED_FUNCTION = YES;
				GCC_WARN_UNUSED_VARIABLE = YES;
				IPHONEOS_DEPLOYMENT_TARGET = 17.5;
				LOCALIZATION_PREFERS_STRING_CATALOGS = YES;
				MTL_ENABLE_DEBUG_INFO = INCLUDE_SOURCE;
				MTL_FAST_MATH = YES;
				ONLY_ACTIVE_ARCH = YES;
				SDKROOT = iphoneos;
				SWIFT_ACTIVE_COMPILATION_CONDITIONS = "DEBUG $(inherited)";
				SWIFT_OPTIMIZATION_LEVEL = "-Onone";
			};
			name = Debug;
		};
		8597DF262C7387BD00C82357 /* Release */ = {
			isa = XCBuildConfiguration;
			buildSettings = {
				ALWAYS_SEARCH_USER_PATHS = NO;
				ASSETCATALOG_COMPILER_GENERATE_SWIFT_ASSET_SYMBOL_EXTENSIONS = YES;
				CLANG_ANALYZER_NONNULL = YES;
				CLANG_ANALYZER_NUMBER_OBJECT_CONVERSION = YES_AGGRESSIVE;
				CLANG_CXX_LANGUAGE_STANDARD = "gnu++20";
				CLANG_ENABLE_MODULES = YES;
				CLANG_ENABLE_OBJC_ARC = YES;
				CLANG_ENABLE_OBJC_WEAK = YES;
				CLANG_WARN_BLOCK_CAPTURE_AUTORELEASING = YES;
				CLANG_WARN_BOOL_CONVERSION = YES;
				CLANG_WARN_COMMA = YES;
				CLANG_WARN_CONSTANT_CONVERSION = YES;
				CLANG_WARN_DEPRECATED_OBJC_IMPLEMENTATIONS = YES;
				CLANG_WARN_DIRECT_OBJC_ISA_USAGE = YES_ERROR;
				CLANG_WARN_DOCUMENTATION_COMMENTS = YES;
				CLANG_WARN_EMPTY_BODY = YES;
				CLANG_WARN_ENUM_CONVERSION = YES;
				CLANG_WARN_INFINITE_RECURSION = YES;
				CLANG_WARN_INT_CONVERSION = YES;
				CLANG_WARN_NON_LITERAL_NULL_CONVERSION = YES;
				CLANG_WARN_OBJC_IMPLICIT_RETAIN_SELF = YES;
				CLANG_WARN_OBJC_LITERAL_CONVERSION = YES;
				CLANG_WARN_OBJC_ROOT_CLASS = YES_ERROR;
				CLANG_WARN_QUOTED_INCLUDE_IN_FRAMEWORK_HEADER = YES;
				CLANG_WARN_RANGE_LOOP_ANALYSIS = YES;
				CLANG_WARN_STRICT_PROTOTYPES = YES;
				CLANG_WARN_SUSPICIOUS_MOVE = YES;
				CLANG_WARN_UNGUARDED_AVAILABILITY = YES_AGGRESSIVE;
				CLANG_WARN_UNREACHABLE_CODE = YES;
				CLANG_WARN__DUPLICATE_METHOD_MATCH = YES;
				COPY_PHASE_STRIP = NO;
				DEBUG_INFORMATION_FORMAT = "dwarf-with-dsym";
				ENABLE_NS_ASSERTIONS = NO;
				ENABLE_STRICT_OBJC_MSGSEND = YES;
				ENABLE_USER_SCRIPT_SANDBOXING = YES;
				GCC_C_LANGUAGE_STANDARD = gnu17;
				GCC_NO_COMMON_BLOCKS = YES;
				GCC_WARN_64_TO_32_BIT_CONVERSION = YES;
				GCC_WARN_ABOUT_RETURN_TYPE = YES_ERROR;
				GCC_WARN_UNDECLARED_SELECTOR = YES;
				GCC_WARN_UNINITIALIZED_AUTOS = YES_AGGRESSIVE;
				GCC_WARN_UNUSED_FUNCTION = YES;
				GCC_WARN_UNUSED_VARIABLE = YES;
				IPHONEOS_DEPLOYMENT_TARGET = 17.5;
				LOCALIZATION_PREFERS_STRING_CATALOGS = YES;
				MTL_ENABLE_DEBUG_INFO = NO;
				MTL_FAST_MATH = YES;
				SDKROOT = iphoneos;
				SWIFT_COMPILATION_MODE = wholemodule;
				VALIDATE_PRODUCT = YES;
			};
			name = Release;
		};
		8597DF282C7387BD00C82357 /* Debug */ = {
			isa = XCBuildConfiguration;
			buildSettings = {
				ASSETCATALOG_COMPILER_APPICON_NAME = AppIcon;
				ASSETCATALOG_COMPILER_GLOBAL_ACCENT_COLOR_NAME = AccentColor;
				CODE_SIGN_STYLE = Automatic;
				CURRENT_PROJECT_VERSION = 1;
				DEVELOPMENT_TEAM = 4DHB28A3AA;
				GENERATE_INFOPLIST_FILE = YES;
				INFOPLIST_FILE = WheatherApp_TestFarm/Info.plist;
				INFOPLIST_KEY_UIApplicationSupportsIndirectInputEvents = YES;
				INFOPLIST_KEY_UILaunchStoryboardName = LaunchScreen;
				INFOPLIST_KEY_UISupportedInterfaceOrientations_iPad = "UIInterfaceOrientationPortrait UIInterfaceOrientationPortraitUpsideDown UIInterfaceOrientationLandscapeLeft UIInterfaceOrientationLandscapeRight";
				INFOPLIST_KEY_UISupportedInterfaceOrientations_iPhone = "UIInterfaceOrientationPortrait UIInterfaceOrientationLandscapeLeft UIInterfaceOrientationLandscapeRight";
				LD_RUNPATH_SEARCH_PATHS = (
					"$(inherited)",
					"@executable_path/Frameworks",
				);
				MARKETING_VERSION = 1.0;
				PRODUCT_BUNDLE_IDENTIFIER = "kseniakobak.WheatherApp-TestFarm";
				PRODUCT_NAME = "$(TARGET_NAME)";
				SWIFT_EMIT_LOC_STRINGS = YES;
				SWIFT_VERSION = 5.0;
				TARGETED_DEVICE_FAMILY = "1,2";
			};
			name = Debug;
		};
		8597DF292C7387BD00C82357 /* Release */ = {
			isa = XCBuildConfiguration;
			buildSettings = {
				ASSETCATALOG_COMPILER_APPICON_NAME = AppIcon;
				ASSETCATALOG_COMPILER_GLOBAL_ACCENT_COLOR_NAME = AccentColor;
				CODE_SIGN_STYLE = Automatic;
				CURRENT_PROJECT_VERSION = 1;
				DEVELOPMENT_TEAM = 4DHB28A3AA;
				GENERATE_INFOPLIST_FILE = YES;
				INFOPLIST_FILE = WheatherApp_TestFarm/Info.plist;
				INFOPLIST_KEY_UIApplicationSupportsIndirectInputEvents = YES;
				INFOPLIST_KEY_UILaunchStoryboardName = LaunchScreen;
				INFOPLIST_KEY_UISupportedInterfaceOrientations_iPad = "UIInterfaceOrientationPortrait UIInterfaceOrientationPortraitUpsideDown UIInterfaceOrientationLandscapeLeft UIInterfaceOrientationLandscapeRight";
				INFOPLIST_KEY_UISupportedInterfaceOrientations_iPhone = "UIInterfaceOrientationPortrait UIInterfaceOrientationLandscapeLeft UIInterfaceOrientationLandscapeRight";
				LD_RUNPATH_SEARCH_PATHS = (
					"$(inherited)",
					"@executable_path/Frameworks",
				);
				MARKETING_VERSION = 1.0;
				PRODUCT_BUNDLE_IDENTIFIER = "kseniakobak.WheatherApp-TestFarm";
				PRODUCT_NAME = "$(TARGET_NAME)";
				SWIFT_EMIT_LOC_STRINGS = YES;
				SWIFT_VERSION = 5.0;
				TARGETED_DEVICE_FAMILY = "1,2";
			};
			name = Release;
		};
/* End XCBuildConfiguration section */

/* Begin XCConfigurationList section */
		8597DF0B2C7387BC00C82357 /* Build configuration list for PBXProject "WheatherApp_TestFarm" */ = {
			isa = XCConfigurationList;
			buildConfigurations = (
				8597DF252C7387BD00C82357 /* Debug */,
				8597DF262C7387BD00C82357 /* Release */,
			);
			defaultConfigurationIsVisible = 0;
			defaultConfigurationName = Release;
		};
		8597DF272C7387BD00C82357 /* Build configuration list for PBXNativeTarget "WheatherApp_TestFarm" */ = {
			isa = XCConfigurationList;
			buildConfigurations = (
				8597DF282C7387BD00C82357 /* Debug */,
				8597DF292C7387BD00C82357 /* Release */,
			);
			defaultConfigurationIsVisible = 0;
			defaultConfigurationName = Release;
		};
/* End XCConfigurationList section */

/* Begin XCVersionGroup section */
		8597DF1C2C7387BC00C82357 /* WheatherApp_TestFarm.xcdatamodeld */ = {
			isa = XCVersionGroup;
			children = (
				8597DF1D2C7387BC00C82357 /* WheatherApp_TestFarm.xcdatamodel */,
			);
			currentVersion = 8597DF1D2C7387BC00C82357 /* WheatherApp_TestFarm.xcdatamodel */;
			path = WheatherApp_TestFarm.xcdatamodeld;
			sourceTree = "<group>";
			versionGroupType = wrapper.xcdatamodel;
		};
/* End XCVersionGroup section */
	};
	rootObject = 8597DF082C7387BC00C82357 /* Project object */;
}
